
Microsoft Visual Studio Solution File, Format Version 12.00
# Visual Studio 14
VisualStudioVersion = 14.0.25420.1
MinimumVisualStudioVersion = 10.0.40219.1
Project("{E24C65DC-7377-472B-9ABA-BC803B73C61A}") = "MyProducts", ".", "{A708A626-2923-424F-ABE1-C96338F67B98}"
	ProjectSection(WebsiteProperties) = preProject
		TargetFrameworkMoniker = ".NETFramework,Version%3Dv4.0"
		Debug.AspNetCompiler.VirtualPath = "/localhost_51997"
		Debug.AspNetCompiler.PhysicalPath = "..\MyProducts\"
		Debug.AspNetCompiler.TargetPath = "PrecompiledWeb\localhost_51997\"
		Debug.AspNetCompiler.Updateable = "true"
		Debug.AspNetCompiler.ForceOverwrite = "true"
		Debug.AspNetCompiler.FixedNames = "false"
		Debug.AspNetCompiler.Debug = "True"
		Release.AspNetCompiler.VirtualPath = "/localhost_51997"
		Release.AspNetCompiler.PhysicalPath = "..\MyProducts\"
		Release.AspNetCompiler.TargetPath = "PrecompiledWeb\localhost_51997\"
		Release.AspNetCompiler.Updateable = "true"
		Release.AspNetCompiler.ForceOverwrite = "true"
		Release.AspNetCompiler.FixedNames = "false"
		Release.AspNetCompiler.Debug = "False"
		VWDPort = "51997"
		SlnRelativePath = "..\MyProducts\"
	EndProjectSection
EndProject
Project("{FAE04EC0-301F-11D3-BF4B-00C04F79EFBC}") = "WebApI", "WebApI\WebApI.csproj", "{1CAA4B7C-AC0A-42DD-A9E5-F4737F819F6B}"
EndProject
Global
	GlobalSection(SolutionConfigurationPlatforms) = preSolution
		Debug|Any CPU = Debug|Any CPU
		Release|Any CPU = Release|Any CPU
	EndGlobalSection
	GlobalSection(ProjectConfigurationPlatforms) = postSolution
		{A708A626-2923-424F-ABE1-C96338F67B98}.Debug|Any CPU.ActiveCfg = Debug|Any CPU
		{A708A626-2923-424F-ABE1-C96338F67B98}.Debug|Any CPU.Build.0 = Debug|Any CPU
		{A708A626-2923-424F-ABE1-C96338F67B98}.Release|Any CPU.ActiveCfg = Debug|Any CPU
		{A708A626-2923-424F-ABE1-C96338F67B98}.Release|Any CPU.Build.0 = Debug|Any CPU
		{1CAA4B7C-AC0A-42DD-A9E5-F4737F819F6B}.Debug|Any CPU.ActiveCfg = Debug|Any CPU
		{1CAA4B7C-AC0A-42DD-A9E5-F4737F819F6B}.Debug|Any CPU.Build.0 = Debug|Any CPU
		{1CAA4B7C-AC0A-42DD-A9E5-F4737F819F6B}.Release|Any CPU.ActiveCfg = Release|Any CPU
		{1CAA4B7C-AC0A-42DD-A9E5-F4737F819F6B}.Release|Any CPU.Build.0 = Release|Any CPU
	EndGlobalSection
	GlobalSection(SolutionProperties) = preSolution
		HideSolutionNode = FALSE
	EndGlobalSection
EndGlobal
